lockfileVersion: '9.0'

settings:
  autoInstallPeers: true
  excludeLinksFromLockfile: false

importers:

  .:
    devDependencies:
      '@types/node':
        specifier: 22.19.7
        version: 22.19.7
      typescript:
        specifier: 5.8.3
        version: 5.8.3

  apps/cli:
    dependencies:
      '@modelcontextprotocol/client':
        specifier: 2.0.0
        version: 2.0.0
      '@napi-rs/keyring':
        specifier: 2.1.0
        version: 2.1.0
      '@writer-agent/core':
        specifier: workspace:*
        version: link:../../packages/core
      '@writer-agent/models':
        specifier: workspace:*
        version: link:../../packages/models
      '@writer-agent/storage':
        specifier: workspace:*
        version: link:../../packages/storage

  packages/core: {}

  packages/models:
    dependencies:
      '@writer-agent/core':
        specifier: workspace:*
        version: link:../core

  packages/storage:
    dependencies:
      '@writer-agent/core':
        specifier: workspace:*
        version: link:../core

  tests:
    dependencies:
      '@modelcontextprotocol/client':
        specifier: 2.0.0
        version: 2.0.0
      '@modelcontextprotocol/core':
        specifier: 2.0.0
        version: 2.0.0
      '@modelcontextprotocol/node':
        specifier: 2.0.0
        version: 2.0.0(@modelcontextprotocol/server@2.0.0)(hono@4.13.8)
      '@modelcontextprotocol/server':
        specifier: 2.0.0
        version: 2.0.0
      '@writer-agent/core':
        specifier: workspace:*
        version: link:../packages/core
      '@writer-agent/models':
        specifier: workspace:*
        version: link:../packages/models
      '@writer-agent/storage':
        specifier: workspace:*
        version: link:../packages/storage
      zod:
        specifier: 4.6.5
        version: 4.6.5

packages:

  '@hono/node-server@1.19.17':
    resolution: {integrity: sha512-dSneS5qhiauZWGDCeK4o695Xd9nUNjviSZCMQrj10eetr8Uln1ucn6bbphOM6UynAMMtNIzZNSpL9vnASJwrPQ==}
    engines: {node: '>=18.14.1'}
    peerDependencies:
      hono: ^4

  '@modelcontextprotocol/client@2.0.0':
    resolution: {integrity: sha512-8f1OghQ2rjzIOfqgUCP+8GiUWqRs89njoWLNqAe8kWmDePv3s1fZXseej+QXemssEuuOvLLmLO/kqM3IQHtISw==}
    engines: {node: '>=20'}

  '@modelcontextprotocol/core@2.0.0':
    resolution: {integrity: sha512-pJCEwGG7Lfr/+PQp9ZTwKXNeO5wzbfKL7H3MYpCorM4oFBoQrdjnBgEoqG+RjhsvS1FKrDbKux+M1HhlnGWqcA==}
    engines: {node: '>=20'}

  '@modelcontextprotocol/node@2.0.0':
    resolution: {integrity: sha512-Y4hAC2XdGDUdDOCbLDOCA4+aL3NUldjsOWlDL/YwpAxrPhRm1xHd7lZ+mLacvZ9t3PaH28wgNoaLQGrIk1P2pg==}
    engines: {node: '>=20'}
    peerDependencies:
      '@modelcontextprotocol/server': ^2.0.0
      hono: ^4.11.4
    peerDependenciesMeta:
      hono:
        optional: true

  '@modelcontextprotocol/server@2.0.0':
    resolution: {integrity: sha512-YhHWdHfpFMQfd0prsEnxKeS3Qz3ytIGmsS0sth4KDjnacIT7hxk6hXHkJ9KysxlkvTM+WZAtQbbcUhdoP4Hvtw==}
    engines: {node: '>=20'}

  '@napi-rs/keyring-darwin-arm64@2.1.0':
    resolution: {integrity: sha512-j6ATTOhmPW+N5EKwi8Yzn6P4Bz/uqnxzyYvqOL73/dgzDSYG5pS5eprqpVmOLse68WUTf79ZMqz97HnfvirJ9g==}
    engines: {node: '>= 10'}
    cpu: [arm64]
    os: [darwin]

  '@napi-rs/keyring-darwin-x64@2.1.0':
    resolution: {integrity: sha512-54Q803nguiOaQzBG2h4uIkacI0eLGAlzzdpxPNi6IZtXbjqbPI4AQ86GrQy25tw3czBqRPBoGu0lHP2U+/f5iA==}
    engines: {node: '>= 10'}
    cpu: [x64]
    os: [darwin]

  '@napi-rs/keyring-freebsd-x64@2.1.0':
    resolution: {integrity: sha512-BL7ngJAYQBrUp1PTF8enOXOIVfxN51RbwVOEQ+8eAjWypF/5Ipqs8oQoMqkuc0wAbk+vatnNVjdKCIFa/HPglg==}
    engines: {node: '>= 10'}
    cpu: [x64]
    os: [freebsd]

  '@napi-rs/keyring-linux-arm-gnueabihf@2.1.0':
    resolution: {integrity: sha512-JYgbCDk+giss7lKla8NTXhM/fLj+Hrfgr3xwKQ8jKn8qMD6vXLwYcfK8HJ9VoAcjIeYEUpCL6dRszJC5M4zFNg==}
    engines: {node: '>= 10'}
    cpu: [arm]
    os: [linux]

  '@napi-rs/keyring-linux-arm64-gnu@2.1.0':
    resolution: {integrity: sha512-+PMONFQ+2GkBXG7vRG2spgR73bNCMeVpNopHoSmhj2E+5Gu6zJooRBjoaIZKj6hCyrOU8pXAhoZ22EEFQ/4YeQ==}
    engines: {node: '>= 10'}
    cpu: [arm64]
    os: [linux]
    libc: [glibc]

  '@napi-rs/keyring-linux-arm64-musl@2.1.0':
    resolution: {integrity: sha512-dKjiXKTHQjAS57hL0HVzLpW9XYNGFpfYkr/51FzIIvbZR08PAnzIDYKwShoNYGvjQP6+rDFf1a5Utl0aWwcFrA==}
    engines: {node: '>= 10'}
    cpu: [arm64]
    os: [linux]
    libc: [musl]

  '@napi-rs/keyring-linux-riscv64-gnu@2.1.0':
    resolution: {integrity: sha512-tqhb0ofhtEJ2+ZfmlKTDHbmIoNSz+SSTPWRgMfSVCgI4JVkqDdfcmIOcThZfRffJ3QI9C3Tng+rZL24acmD+GA==}
    engines: {node: '>= 10'}
    cpu: [riscv64]
    os: [linux]
    libc: [glibc]

  '@napi-rs/keyring-linux-x64-gnu@2.1.0':
    resolution: {integrity: sha512-7ZA0ssxfpuGXV8S5Ct1ZJoEL3sKg/8u7mIL4SK9/PwKBhxIq7K+FVcjnggNsuFnEhHTX+HYl9hHDrlX0odZnHg==}
    engines: {node: '>= 10'}
    cpu: [x64]
    os: [linux]
    libc: [glibc]

  '@napi-rs/keyring-linux-x64-musl@2.1.0':
    resolution: {integrity: sha512-dI74Fzl03CrN2TEP7YVBtUBFgyRTRPyK1LMcIgAUfgW3o6f5SD1a8EsfT82+brpFOltjOhacIlFiYOkYtSI5Fg==}
    engines: {node: '>= 10'}
    cpu: [x64]
    os: [linux]
    libc: [musl]

  '@napi-rs/keyring-win32-arm64-msvc@2.1.0':
    resolution: {integrity: sha512-SltrXXkEe9a+Jv8ConDkZW2Mdr0srpWurS7oYkYP1Mp07DNBpFyqawRnyo4p7ZvQU3e+R6irj/Fq0epCCvVUXA==}
    engines: {node: '>= 10'}
    cpu: [arm64]
    os: [win32]

  '@napi-rs/keyring-win32-ia32-msvc@2.1.0':
    resolution: {integrity: sha512-l5wJQhqXkAfQ4FGxoRh0wMpL9VxVmfiYI5TTeOGNupuVsQvbHmysh8gfDQBBWVhyMENHJS2OqOSYIuqVjumAtA==}
    engines: {node: '>= 10'}
    cpu: [ia32]
    os: [win32]

  '@napi-rs/keyring-win32-x64-msvc@2.1.0':
    resolution: {integrity: sha512-3zYwO7dhJiUNyv2te81ujXm2vGxHwgx+z2eBm0dTYe3aWpvKQVzpfxCp/7cViJs8duVYE04wVOgXiRhRCMEq2w==}
    engines: {node: '>= 10'}
    cpu: [x64]
    os: [win32]

  '@napi-rs/keyring@2.1.0':
    resolution: {integrity: sha512-km9J3fomkGSLpImpelq0cMvLBrJ5eVlTzuWdG3Iy0laP6gU90MmHYjqhUhG32aYq0/0++r2TLuAA9xlnh4XU1g==}
    engines: {node: '>= 10'}

  '@types/node@22.19.7':
    resolution: {integrity: sha512-MciR4AKGHWl7xwxkBa6xUGxQJ4VBOmPTF7sL+iGzuahOFaO0jHCsuEfS80pan1ef4gWId1oWOweIhrDEYLuaOw==}

  cross-spawn@7.0.6:
    resolution: {integrity: sha512-uV2QOWP2nWzsy2aMp8aRibhi9dlzF5Hgh5SHaB9OiTGEyDTiJJyx0uy51QXdyWbtAHNua4XJzUKca3OzKUd3vA==}
    engines: {node: '>= 8'}

  eventsource-parser@3.1.1:
    resolution: {integrity: sha512-EKN1vKAMcZ8MlYMpaNuxN6R9yakzH6uajHcHVTqWJzvu5pWw9DyhbP35HH8MVBQ+dZjAfDxk+A8NiR9KWaXiyQ==}
    engines: {node: '>=18.0.0'}

  eventsource@3.0.7:
    resolution: {integrity: sha512-CRT1WTyuQoD771GW56XEZFQ/ZoSfWid1alKGDYMmkt2yl8UXrVR4pspqWNEcqKvVIzg6PAltWjxcSSPrboA4iA==}
    engines: {node: '>=18.0.0'}

  hono@4.13.8:
    resolution: {integrity: sha512-/Gng7NfoykZl2pjukW5Z6+8Yxm3BPRf86GTbQnt0SbySkvax4fyL4H3HhY1cCpBGmiW9XDRFzRV+CXK2W8QudQ==}
    engines: {node: '>=16.9.0'}

  isexe@2.0.0:
    resolution: {integrity: sha512-RHxMLp9lnKHGHRng9QFhRCMbYAcVpn69smSGcq3f36xjgVVWThj4qqLbTLlq7Ssj8B+fIQ1EuCEGI2lKsyQeIw==}

  jose@6.2.12:
    resolution: {integrity: sha512-9NiFmJEex0sy2Dk58j2UGBSHgUs2ypF9eZSu4L6vjOX3Dp96Sw1F3uL+H+D1sx02jZZdzUT0HgvCy59CuvXcWw==}

  path-key@3.1.1:
    resolution: {integrity: sha512-ojmeN0qd+y0jszEtoY48r0Peq5dwMEkIlCOu6Q5f41lfkswXuKtYrhgoTpLnyIcHm24Uhqx+5Tqm2InSwLhE6Q==}
    engines: {node: '>=8'}

  pkce-challenge@5.0.1:
    resolution: {integrity: sha512-wQ0b/W4Fr01qtpHlqSqspcj3EhBvimsdh0KlHhH8HRZnMsEa0ea2fTULOXOS9ccQr3om+GcGRk4e+isrZWV8qQ==}
    engines: {node: '>=16.20.0'}

  shebang-command@2.0.0:
    resolution: {integrity: sha512-kHxr2zZpYtdmrN1qDjrrX/Z1rR1kG8Dx+gkpK1G4eXmvXswmcE1hTWBWYUzlraYw1/yZp6YuDY77YtvbN0dmDA==}
    engines: {node: '>=8'}

  shebang-regex@3.0.0:
    resolution: {integrity: sha512-7++dFhtcx3353uBaq8DDR4NuxBetBzC7ZQOhmTQInHEd6bSrXdiEyzCvG07Z44UYdLShWUyXt5M/yhz8ekcb1A==}
    engines: {node: '>=8'}

  typescript@5.8.3:
    resolution: {integrity: sha512-p1diW6TqL9L07nNxvRMM7hMMw4c5XOo/1ibL4aAIGmSAt9slTE1Xgw5KWuof2uTOvCg9BY7ZRi+GaF+7sfgPeQ==}
    engines: {node: '>=14.17'}
    hasBin: true

  undici-types@6.21.0:
    resolution: {integrity: sha512-iwDZqg0QAGrg9Rav5H4n0M64c3mkR59cJ6wQp+7C4nI0gsmExaedaYLNO44eT4AtBBwjbTiGPMlt2Md0T9H9JQ==}

  which@2.0.2:
    resolution: {integrity: sha512-BLI3Tl1TW3Pvl70l3yq3Y64i+awpwXqsGBYWkkqMtnbXgrMD+yj7rhW0kuEDxzJaYXGjEW5ogapKNMEKNMjibA==}
    engines: {node: '>= 8'}
    hasBin: true

  zod@4.6.5:
    resolution: {integrity: sha512-v5l/aFXZQeai4awLbOpSoHecE9UiMrnfx75tEXLjNonXVARxQ5mOeipTjROUchszUNCqnE+hqAMujRsRHsut2Q==}

snapshots:

  '@hono/node-server@1.19.17(hono@4.13.8)':
    dependencies:
      hono: 4.13.8

  '@modelcontextprotocol/client@2.0.0':
    dependencies:
      '@modelcontextprotocol/core': 2.0.0
      cross-spawn: 7.0.6
      eventsource: 3.0.7
      eventsource-parser: 3.1.1
      jose: 6.2.12
      pkce-challenge: 5.0.1
      zod: 4.6.5

  '@modelcontextprotocol/core@2.0.0':
    dependencies:
      zod: 4.6.5

  '@modelcontextprotocol/node@2.0.0(@modelcontextprotocol/server@2.0.0)(hono@4.13.8)':
    dependencies:
      '@hono/node-server': 1.19.17(hono@4.13.8)
      '@modelcontextprotocol/server': 2.0.0
    optionalDependencies:
      hono: 4.13.8

  '@modelcontextprotocol/server@2.0.0':
    dependencies:
      '@modelcontextprotocol/core': 2.0.0
      zod: 4.6.5

  '@napi-rs/keyring-darwin-arm64@2.1.0':
    optional: true

  '@napi-rs/keyring-darwin-x64@2.1.0':
    optional: true

  '@napi-rs/keyring-freebsd-x64@2.1.0':
    optional: true

  '@napi-rs/keyring-linux-arm-gnueabihf@2.1.0':
    optional: true

  '@napi-rs/keyring-linux-arm64-gnu@2.1.0':
    optional: true

  '@napi-rs/keyring-linux-arm64-musl@2.1.0':
    optional: true

  '@napi-rs/keyring-linux-riscv64-gnu@2.1.0':
    optional: true

  '@napi-rs/keyring-linux-x64-gnu@2.1.0':
    optional: true

  '@napi-rs/keyring-linux-x64-musl@2.1.0':
    optional: true

  '@napi-rs/keyring-win32-arm64-msvc@2.1.0':
    optional: true

  '@napi-rs/keyring-win32-ia32-msvc@2.1.0':
    optional: true

  '@napi-rs/keyring-win32-x64-msvc@2.1.0':
    optional: true

  '@napi-rs/keyring@2.1.0':
    optionalDependencies:
      '@napi-rs/keyring-darwin-arm64': 2.1.0
      '@napi-rs/keyring-darwin-x64': 2.1.0
      '@napi-rs/keyring-freebsd-x64': 2.1.0
      '@napi-rs/keyring-linux-arm-gnueabihf': 2.1.0
      '@napi-rs/keyring-linux-arm64-gnu': 2.1.0
      '@napi-rs/keyring-linux-arm64-musl': 2.1.0
      '@napi-rs/keyring-linux-riscv64-gnu': 2.1.0
      '@napi-rs/keyring-linux-x64-gnu': 2.1.0
      '@napi-rs/keyring-linux-x64-musl': 2.1.0
      '@napi-rs/keyring-win32-arm64-msvc': 2.1.0
      '@napi-rs/keyring-win32-ia32-msvc': 2.1.0
      '@napi-rs/keyring-win32-x64-msvc': 2.1.0

  '@types/node@22.19.7':
    dependencies:
      undici-types: 6.21.0

  cross-spawn@7.0.6:
    dependencies:
      path-key: 3.1.1
      shebang-command: 2.0.0
      which: 2.0.2

  eventsource-parser@3.1.1: {}

  eventsource@3.0.7:
    dependencies:
      eventsource-parser: 3.1.1

  hono@4.13.8: {}

  isexe@2.0.0: {}

  jose@6.2.12: {}

  path-key@3.1.1: {}

  pkce-challenge@5.0.1: {}

  shebang-command@2.0.0:
    dependencies:
      shebang-regex: 3.0.0

  shebang-regex@3.0.0: {}

  typescript@5.8.3: {}

  undici-types@6.21.0: {}

  which@2.0.2:
    dependencies:
      isexe: 2.0.0

  zod@4.6.5: {}
